
Microsoft Visual Studio Solution File, Format Version 12.00
# Visual Studio Version 17
VisualStudioVersion = 17.2.32630.192
MinimumVisualStudioVersion = 10.0.40219.1
Project("{9A19103F-16F7-4668-BE54-9A1E7A4F7556}") = "LabelMakerDeleter", "winforms2\LabelMakerDeleter.csproj", "{E0A8549B-0A09-4592-A637-AA732F729D5C}"
EndProject
Project("{FAE04EC0-301F-11D3-BF4B-00C04F79EFBC}") = "NaughtyLabel", "NaughtyLabel\NaughtyLabel.csproj", "{27F483A3-4F55-4CD2-B32B-D53E3C5E090A}"
EndProject
Project("{FAE04EC0-301F-11D3-BF4B-00C04F79EFBC}") = "Timezones", "Timezones\Timezones.csproj", "{A9C3628A-5820-4D71-B010-75D966B6F401}"
EndProject
Global
	GlobalSection(SolutionConfigurationPlatforms) = preSolution
		Debug|Any CPU = Debug|Any CPU
		Release|Any CPU = Release|Any CPU
	EndGlobalSection
	GlobalSection(ProjectConfigurationPlatforms) = postSolution
		{E0A8549B-0A09-4592-A637-AA732F729D5C}.Debug|Any CPU.ActiveCfg = Debug|Any CPU
		{E0A8549B-0A09-4592-A637-AA732F729D5C}.Debug|Any CPU.Build.0 = Debug|Any CPU
		{E0A8549B-0A09-4592-A637-AA732F729D5C}.Release|Any CPU.ActiveCfg = Release|Any CPU
		{E0A8549B-0A09-4592-A637-AA732F729D5C}.Release|Any CPU.Build.0 = Release|Any CPU
		{27F483A3-4F55-4CD2-B32B-D53E3C5E090A}.Debug|Any CPU.ActiveCfg = Debug|Any CPU
		{27F483A3-4F55-4CD2-B32B-D53E3C5E090A}.Debug|Any CPU.Build.0 = Debug|Any CPU
		{27F483A3-4F55-4CD2-B32B-D53E3C5E090A}.Release|Any CPU.ActiveCfg = Release|Any CPU
		{27F483A3-4F55-4CD2-B32B-D53E3C5E090A}.Release|Any CPU.Build.0 = Release|Any CPU
		{A9C3628A-5820-4D71-B010-75D966B6F401}.Debug|Any CPU.ActiveCfg = Debug|Any CPU
		{A9C3628A-5820-4D71-B010-75D966B6F401}.Debug|Any CPU.Build.0 = Debug|Any CPU
		{A9C3628A-5820-4D71-B010-75D966B6F401}.Release|Any CPU.ActiveCfg = Release|Any CPU
		{A9C3628A-5820-4D71-B010-75D966B6F401}.Release|Any CPU.Build.0 = Release|Any CPU
	EndGlobalSection
	GlobalSection(SolutionProperties) = preSolution
		HideSolutionNode = FALSE
	EndGlobalSection
	GlobalSection(ExtensibilityGlobals) = postSolution
		SolutionGuid = {8AD40DF1-F82F-40FE-9D03-C7424199000E}
	EndGlobalSection
EndGlobal
